
Microsoft Visual Studio Solution File, Format Version 12.00
# Visual Studio Version 16
VisualStudioVersion = 16.0.808.7
MinimumVisualStudioVersion = 10.0.40219.1
Project("{FAE04EC0-301F-11D3-BF4B-00C04F79EFBC}") = "MicrosoftGraphApplicationAuth", "MicrosoftGraphApplicationAuth.csproj", "{EA83308A-0360-4BF6-9E99-46514F5D6727}"
EndProject
Global
	GlobalSection(SolutionConfigurationPlatforms) = preSolution
		Debug|Any CPU = Debug|Any CPU
		Release|Any CPU = Release|Any CPU
	EndGlobalSection
	GlobalSection(ProjectConfigurationPlatforms) = postSolution
		{EA83308A-0360-4BF6-9E99-46514F5D6727}.Debug|Any CPU.ActiveCfg = Debug|Any CPU
		{EA83308A-0360-4BF6-9E99-46514F5D6727}.Debug|Any CPU.Build.0 = Debug|Any CPU
		{EA83308A-0360-4BF6-9E99-46514F5D6727}.Release|Any CPU.ActiveCfg = Release|Any CPU
		{EA83308A-0360-4BF6-9E99-46514F5D6727}.Release|Any CPU.Build.0 = Release|Any CPU
	EndGlobalSection
	GlobalSection(SolutionProperties) = preSolution
		HideSolutionNode = FALSE
	EndGlobalSection
	GlobalSection(ExtensibilityGlobals) = postSolution
		SolutionGuid = {B9180382-29C9-4589-A95C-2CFB8E984937}
	EndGlobalSection
EndGlobal
