
Microsoft Visual Studio Solution File, Format Version 12.00
# Visual Studio Version 16
VisualStudioVersion = 16.0.808.7
MinimumVisualStudioVersion = 10.0.40219.1
Project("{FAE04EC0-301F-11D3-BF4B-00C04F79EFBC}") = "Exceptions", "Exceptions\Exceptions.csproj", "{D57F2A80-F1AC-4193-A7F3-C48A47698035}"
EndProject
Global
	GlobalSection(SolutionConfigurationPlatforms) = preSolution
		Debug|Any CPU = Debug|Any CPU
		Release|Any CPU = Release|Any CPU
	EndGlobalSection
	GlobalSection(ProjectConfigurationPlatforms) = postSolution
		{D57F2A80-F1AC-4193-A7F3-C48A47698035}.Debug|Any CPU.ActiveCfg = Debug|Any CPU
		{D57F2A80-F1AC-4193-A7F3-C48A47698035}.Debug|Any CPU.Build.0 = Debug|Any CPU
		{D57F2A80-F1AC-4193-A7F3-C48A47698035}.Release|Any CPU.ActiveCfg = Release|Any CPU
		{D57F2A80-F1AC-4193-A7F3-C48A47698035}.Release|Any CPU.Build.0 = Release|Any CPU
	EndGlobalSection
	GlobalSection(SolutionProperties) = preSolution
		HideSolutionNode = FALSE
	EndGlobalSection
	GlobalSection(ExtensibilityGlobals) = postSolution
		SolutionGuid = {504B1F2F-9F36-4B9A-93C7-47370FA1111E}
	EndGlobalSection
EndGlobal
